
Microsoft Visual Studio Solution File, Format Version 12.00
# Visual Studio Version 17
VisualStudioVersion = 17.5.002.0
MinimumVisualStudioVersion = 10.0.40219.1
Project("{9A19103F-16F7-4668-BE54-9A1E7A4F7556}") = "program001-vypis-rady", "program001-vypis-rady.csproj", "{014FEE3B-6DAD-4221-ADEB-03115015D874}"
EndProject
Global
	GlobalSection(SolutionConfigurationPlatforms) = preSolution
		Debug|Any CPU = Debug|Any CPU
		Release|Any CPU = Release|Any CPU
	EndGlobalSection
	GlobalSection(ProjectConfigurationPlatforms) = postSolution
		{014FEE3B-6DAD-4221-ADEB-03115015D874}.Debug|Any CPU.ActiveCfg = Debug|Any CPU
		{014FEE3B-6DAD-4221-ADEB-03115015D874}.Debug|Any CPU.Build.0 = Debug|Any CPU
		{014FEE3B-6DAD-4221-ADEB-03115015D874}.Release|Any CPU.ActiveCfg = Release|Any CPU
		{014FEE3B-6DAD-4221-ADEB-03115015D874}.Release|Any CPU.Build.0 = Release|Any CPU
	EndGlobalSection
	GlobalSection(SolutionProperties) = preSolution
		HideSolutionNode = FALSE
	EndGlobalSection
	GlobalSection(ExtensibilityGlobals) = postSolution
		SolutionGuid = {D6679688-2DB7-41F5-AF14-8641249A1721}
	EndGlobalSection
EndGlobal
