
Microsoft Visual Studio Solution File, Format Version 12.00
# Visual Studio Version 17
VisualStudioVersion = 17.5.002.0
MinimumVisualStudioVersion = 10.0.40219.1
Project("{9A19103F-16F7-4668-BE54-9A1E7A4F7556}") = "program011b-vypocet-e", "program011b-vypocet-e.csproj", "{FD46BB5E-9296-4671-ABEC-2C605CC23F0F}"
EndProject
Global
	GlobalSection(SolutionConfigurationPlatforms) = preSolution
		Debug|Any CPU = Debug|Any CPU
		Release|Any CPU = Release|Any CPU
	EndGlobalSection
	GlobalSection(ProjectConfigurationPlatforms) = postSolution
		{FD46BB5E-9296-4671-ABEC-2C605CC23F0F}.Debug|Any CPU.ActiveCfg = Debug|Any CPU
		{FD46BB5E-9296-4671-ABEC-2C605CC23F0F}.Debug|Any CPU.Build.0 = Debug|Any CPU
		{FD46BB5E-9296-4671-ABEC-2C605CC23F0F}.Release|Any CPU.ActiveCfg = Release|Any CPU
		{FD46BB5E-9296-4671-ABEC-2C605CC23F0F}.Release|Any CPU.Build.0 = Release|Any CPU
	EndGlobalSection
	GlobalSection(SolutionProperties) = preSolution
		HideSolutionNode = FALSE
	EndGlobalSection
	GlobalSection(ExtensibilityGlobals) = postSolution
		SolutionGuid = {EA54B4A7-327F-40EA-977D-77419410F5EF}
	EndGlobalSection
EndGlobal
