
Microsoft Visual Studio Solution File, Format Version 12.00
# Visual Studio Version 17
VisualStudioVersion = 17.5.002.0
MinimumVisualStudioVersion = 10.0.40219.1
Project("{9A19103F-16F7-4668-BE54-9A1E7A4F7556}") = "program005-max-min", "program005-max-min.csproj", "{F2DF02B5-A60B-491C-9A6F-6B8B0777ED22}"
EndProject
Global
	GlobalSection(SolutionConfigurationPlatforms) = preSolution
		Debug|Any CPU = Debug|Any CPU
		Release|Any CPU = Release|Any CPU
	EndGlobalSection
	GlobalSection(ProjectConfigurationPlatforms) = postSolution
		{F2DF02B5-A60B-491C-9A6F-6B8B0777ED22}.Debug|Any CPU.ActiveCfg = Debug|Any CPU
		{F2DF02B5-A60B-491C-9A6F-6B8B0777ED22}.Debug|Any CPU.Build.0 = Debug|Any CPU
		{F2DF02B5-A60B-491C-9A6F-6B8B0777ED22}.Release|Any CPU.ActiveCfg = Release|Any CPU
		{F2DF02B5-A60B-491C-9A6F-6B8B0777ED22}.Release|Any CPU.Build.0 = Release|Any CPU
	EndGlobalSection
	GlobalSection(SolutionProperties) = preSolution
		HideSolutionNode = FALSE
	EndGlobalSection
	GlobalSection(ExtensibilityGlobals) = postSolution
		SolutionGuid = {B77DED77-66B1-46EA-A5D2-5E0E9DF25845}
	EndGlobalSection
EndGlobal
