
Microsoft Visual Studio Solution File, Format Version 12.00
# Visual Studio Version 17
VisualStudioVersion = 17.5.002.0
MinimumVisualStudioVersion = 10.0.40219.1
Project("{9A19103F-16F7-4668-BE54-9A1E7A4F7556}") = "program008a-inser-sort", "program008a-inser-sort.csproj", "{712443C2-BFD4-474A-BE70-28E857A8AECC}"
EndProject
Global
	GlobalSection(SolutionConfigurationPlatforms) = preSolution
		Debug|Any CPU = Debug|Any CPU
		Release|Any CPU = Release|Any CPU
	EndGlobalSection
	GlobalSection(ProjectConfigurationPlatforms) = postSolution
		{712443C2-BFD4-474A-BE70-28E857A8AECC}.Debug|Any CPU.ActiveCfg = Debug|Any CPU
		{712443C2-BFD4-474A-BE70-28E857A8AECC}.Debug|Any CPU.Build.0 = Debug|Any CPU
		{712443C2-BFD4-474A-BE70-28E857A8AECC}.Release|Any CPU.ActiveCfg = Release|Any CPU
		{712443C2-BFD4-474A-BE70-28E857A8AECC}.Release|Any CPU.Build.0 = Release|Any CPU
	EndGlobalSection
	GlobalSection(SolutionProperties) = preSolution
		HideSolutionNode = FALSE
	EndGlobalSection
	GlobalSection(ExtensibilityGlobals) = postSolution
		SolutionGuid = {667D4880-203E-4176-A5AB-568B9B9CAB81}
	EndGlobalSection
EndGlobal
